{
  "name": "sharp-blockhash",
  "version": "0.0.1",
  "lockfileVersion": 1,
  "requires": true,
  "dependencies": {
    "assertion-error": {
      "version": "1.0.2",
      "resolved": "http://registry.npm.taobao.org/assertion-error/download/assertion-error-1.0.2.tgz",
      "integrity": "sha1-E8pRXYYgbaC6xm6DTdOX2HWBCUw=",
      "dev": true
    },
    "balanced-match": {
      "version": "1.0.0",
      "resolved": "http://registry.npm.taobao.org/balanced-match/download/balanced-match-1.0.0.tgz",
      "integrity": "sha1-ibTRmasr7kneFk6gK4nORi1xt2c=",
      "dev": true
    },
    "blockhash": {
      "version": "0.2.0",
      "resolved": "http://registry.npm.taobao.org/blockhash/download/blockhash-0.2.0.tgz",
      "integrity": "sha1-fJea5QF/0lLoGfvnYbCWcDlCzPc="
    },
    "bluebird": {
      "version": "3.5.0",
      "resolved": "http://registry.npm.taobao.org/bluebird/download/bluebird-3.5.0.tgz",
      "integrity": "sha1-eRQg1/VR7qKJdFOop3ZT+WYG1nw="
    },
    "brace-expansion": {
      "version": "1.1.8",
      "resolved": "http://registry.npm.taobao.org/brace-expansion/download/brace-expansion-1.1.8.tgz",
      "integrity": "sha1-wHshHHyVLsH479Uad+8NHTmQopI=",
      "dev": true,
      "requires": {
        "balanced-match": "1.0.0",
        "concat-map": "0.0.1"
      }
    },
    "browser-stdout": {
      "version": "1.3.0",
      "resolved": "http://registry.npm.taobao.org/browser-stdout/download/browser-stdout-1.3.0.tgz",
      "integrity": "sha1-81HTKWnTL6XXpVZxVCY9korjvR8=",
      "dev": true
    },
    "caw": {
      "version": "2.0.1",
      "resolved": "http://registry.npm.taobao.org/caw/download/caw-2.0.1.tgz",
      "integrity": "sha1-bDygcfwZRyCIPC3F2psHS/x+npU=",
      "requires": {
        "get-proxy": "2.1.0",
        "isurl": "1.0.0",
        "tunnel-agent": "0.6.0",
        "url-to-options": "1.0.1"
      }
    },
    "chai": {
      "version": "4.1.2",
      "resolved": "http://registry.npm.taobao.org/chai/download/chai-4.1.2.tgz",
      "integrity": "sha1-D2RYS6ZC8PKs4oBiefTwbKI61zw=",
      "dev": true,
      "requires": {
        "assertion-error": "1.0.2",
        "check-error": "1.0.2",
        "deep-eql": "3.0.1",
        "get-func-name": "2.0.0",
        "pathval": "1.1.0",
        "type-detect": "4.0.3"
      }
    },
    "chai-as-promised": {
      "version": "7.1.1",
      "resolved": "http://registry.npm.taobao.org/chai-as-promised/download/chai-as-promised-7.1.1.tgz",
      "integrity": "sha1-CGRdgl3rhpbuYXJdv1kMAS6wDKA=",
      "dev": true,
      "requires": {
        "check-error": "1.0.2"
      }
    },
    "check-error": {
      "version": "1.0.2",
      "resolved": "http://registry.npm.taobao.org/check-error/download/check-error-1.0.2.tgz",
      "integrity": "sha1-V00xLt2Iu13YkS6Sht1sCu1KrII=",
      "dev": true
    },
    "chownr": {
      "version": "1.0.1",
      "resolved": "http://registry.npm.taobao.org/chownr/download/chownr-1.0.1.tgz",
      "integrity": "sha1-4qdQQqlVGQi+vSW4Uj1fl2nXkYE="
    },
    "color": {
      "version": "2.0.0",
      "resolved": "http://registry.npm.taobao.org/color/download/color-2.0.0.tgz",
      "integrity": "sha1-4MmXLR6WmFcASxAeqlXOq1lh1n0=",
      "requires": {
        "color-convert": "1.9.0",
        "color-string": "1.5.2"
      }
    },
    "color-convert": {
      "version": "1.9.0",
      "resolved": "http://registry.npm.taobao.org/color-convert/download/color-convert-1.9.0.tgz",
      "integrity": "sha1-Gsz5fdc5uYO/mU1W/sj5WFNkG3o=",
      "requires": {
        "color-name": "1.1.3"
      }
    },
    "color-name": {
      "version": "1.1.3",
      "resolved": "http://registry.npm.taobao.org/color-name/download/color-name-1.1.3.tgz",
      "integrity": "sha1-p9BVi9icQveV3UIyj3QIMcpTvCU="
    },
    "color-string": {
      "version": "1.5.2",
      "resolved": "http://registry.npm.taobao.org/color-string/download/color-string-1.5.2.tgz",
      "integrity": "sha1-JuRYFLw8mny9Z1FkikFDRRSnc6k=",
      "requires": {
        "color-name": "1.1.3",
        "simple-swizzle": "0.2.2"
      }
    },
    "commander": {
      "version": "2.9.0",
      "resolved": "http://registry.npm.taobao.org/commander/download/commander-2.9.0.tgz",
      "integrity": "sha1-nJkJQXbhIkDLItbFFGCYQA/g99Q=",
      "dev": true,
      "requires": {
        "graceful-readlink": "1.0.1"
      }
    },
    "concat-map": {
      "version": "0.0.1",
      "resolved": "http://registry.npm.taobao.org/concat-map/download/concat-map-0.0.1.tgz",
      "integrity": "sha1-2Klr13/Wjfd5OnMDajug1UBdR3s=",
      "dev": true
    },
    "config-chain": {
      "version": "1.1.11",
      "resolved": "http://registry.npm.taobao.org/config-chain/download/config-chain-1.1.11.tgz",
      "integrity": "sha1-q6CXR9++TD5w52am5BWG4YWfxvI=",
      "requires": {
        "ini": "1.3.4",
        "proto-list": "1.2.4"
      }
    },
    "debug": {
      "version": "2.6.8",
      "resolved": "http://registry.npm.taobao.org/debug/download/debug-2.6.8.tgz",
      "integrity": "sha1-5zFTHKLt4n0YgiJCfaF4IdaP9Pw=",
      "dev": true,
      "requires": {
        "ms": "2.0.0"
      }
    },
    "decompress-response": {
      "version": "3.3.0",
      "resolved": "http://registry.npm.taobao.org/decompress-response/download/decompress-response-3.3.0.tgz",
      "integrity": "sha1-gKTdMjdIOEv6JICDYirt7Jgq3/M=",
      "requires": {
        "mimic-response": "1.0.0"
      }
    },
    "deep-eql": {
      "version": "3.0.1",
      "resolved": "http://registry.npm.taobao.org/deep-eql/download/deep-eql-3.0.1.tgz",
      "integrity": "sha1-38lARACtHI/gI+faHfHBR8S0RN8=",
      "dev": true,
      "requires": {
        "type-detect": "4.0.3"
      }
    },
    "detect-libc": {
      "version": "0.2.0",
      "resolved": "http://registry.npm.taobao.org/detect-libc/download/detect-libc-0.2.0.tgz",
      "integrity": "sha1-R/31ZzSKF+wl/L8LnkRjSKdvn7U="
    },
    "dev-null": {
      "version": "0.1.1",
      "resolved": "http://registry.npm.taobao.org/dev-null/download/dev-null-0.1.1.tgz",
      "integrity": "sha1-WiBc48Ky73e2I41roXnrdMag6Bg=",
      "dev": true
    },
    "diff": {
      "version": "3.2.0",
      "resolved": "http://registry.npm.taobao.org/diff/download/diff-3.2.0.tgz",
      "integrity": "sha1-yc45Okt8vQsFinJck98pkCeGj/k=",
      "dev": true
    },
    "escape-string-regexp": {
      "version": "1.0.5",
      "resolved": "http://registry.npm.taobao.org/escape-string-regexp/download/escape-string-regexp-1.0.5.tgz",
      "integrity": "sha1-G2HAViGQqN/2rjuyzwIAyhMLhtQ=",
      "dev": true
    },
    "fs.realpath": {
      "version": "1.0.0",
      "resolved": "http://registry.npm.taobao.org/fs.realpath/download/fs.realpath-1.0.0.tgz",
      "integrity": "sha1-FQStJSMVjKpA20onh8sBQRmU6k8=",
      "dev": true
    },
    "get-func-name": {
      "version": "2.0.0",
      "resolved": "http://registry.npm.taobao.org/get-func-name/download/get-func-name-2.0.0.tgz",
      "integrity": "sha1-6td0q+5y4gQJQzoGY2YCPdaIekE=",
      "dev": true
    },
    "get-proxy": {
      "version": "2.1.0",
      "resolved": "http://registry.npm.taobao.org/get-proxy/download/get-proxy-2.1.0.tgz",
      "integrity": "sha1-NJ8rTZHUTE1NTpy6KtkBQ/rF75M=",
      "requires": {
        "npm-conf": "1.1.2"
      }
    },
    "glob": {
      "version": "7.1.1",
      "resolved": "http://registry.npm.taobao.org/glob/download/glob-7.1.1.tgz",
      "integrity": "sha1-gFIR3wT6rxxjo2ADBs31reULLsg=",
      "dev": true,
      "requires": {
        "fs.realpath": "1.0.0",
        "inflight": "1.0.6",
        "inherits": "2.0.3",
        "minimatch": "3.0.4",
        "once": "1.4.0",
        "path-is-absolute": "1.0.1"
      }
    },
    "graceful-readlink": {
      "version": "1.0.1",
      "resolved": "http://registry.npm.taobao.org/graceful-readlink/download/graceful-readlink-1.0.1.tgz",
      "integrity": "sha1-TK+tdrxi8C+gObL5Tpo906ORpyU=",
      "dev": true
    },
    "growl": {
      "version": "1.9.2",
      "resolved": "http://registry.npm.taobao.org/growl/download/growl-1.9.2.tgz",
      "integrity": "sha1-Dqd0NxXbjY3ixe3hd14bRayFwC8=",
      "dev": true
    },
    "hamming-distance": {
      "version": "1.0.0",
      "resolved": "http://registry.npm.taobao.org/hamming-distance/download/hamming-distance-1.0.0.tgz",
      "integrity": "sha1-Ob+kbGHznodCHkA1ob5Pcl3XuTE=",
      "dev": true
    },
    "has-flag": {
      "version": "1.0.0",
      "resolved": "http://registry.npm.taobao.org/has-flag/download/has-flag-1.0.0.tgz",
      "integrity": "sha1-nZ55MWXOAXoA8AQYxD+UKnsdEfo=",
      "dev": true
    },
    "has-symbol-support-x": {
      "version": "1.4.1",
      "resolved": "http://registry.npm.taobao.org/has-symbol-support-x/download/has-symbol-support-x-1.4.1.tgz",
      "integrity": "sha1-ZuwuN34MfXzO2wejqE13UQ/xvEw="
    },
    "has-to-string-tag-x": {
      "version": "1.4.1",
      "resolved": "http://registry.npm.taobao.org/has-to-string-tag-x/download/has-to-string-tag-x-1.4.1.tgz",
      "integrity": "sha1-oEWrOD17SyASoAFIqwql8pAETU0=",
      "requires": {
        "has-symbol-support-x": "1.4.1"
      }
    },
    "he": {
      "version": "1.1.1",
      "resolved": "http://registry.npm.taobao.org/he/download/he-1.1.1.tgz",
      "integrity": "sha1-k0EP0hsAlzUVH4howvJx80J+I/0=",
      "dev": true
    },
    "inflight": {
      "version": "1.0.6",
      "resolved": "http://registry.npm.taobao.org/inflight/download/inflight-1.0.6.tgz",
      "integrity": "sha1-Sb1jMdfQLQwJvJEKEHW6gWW1bfk=",
      "dev": true,
      "requires": {
        "once": "1.4.0",
        "wrappy": "1.0.2"
      }
    },
    "inherits": {
      "version": "2.0.3",
      "resolved": "http://registry.npm.taobao.org/inherits/download/inherits-2.0.3.tgz",
      "integrity": "sha1-Yzwsg+PaQqUC9SRmAiSA9CCCYd4=",
      "dev": true
    },
    "ini": {
      "version": "1.3.4",
      "resolved": "http://registry.npm.taobao.org/ini/download/ini-1.3.4.tgz",
      "integrity": "sha1-BTfLedr1m1mhpRff9wbIbsA5Fi4="
    },
    "is-arrayish": {
      "version": "0.3.1",
      "resolved": "http://registry.npm.taobao.org/is-arrayish/download/is-arrayish-0.3.1.tgz",
      "integrity": "sha1-wt/DhquqDD4zxI2z/ocFnmkGXv0="
    },
    "is-object": {
      "version": "1.0.1",
      "resolved": "http://registry.npm.taobao.org/is-object/download/is-object-1.0.1.tgz",
      "integrity": "sha1-iVJojF7C/9awPsyF52ngKQMINHA="
    },
    "isurl": {
      "version": "1.0.0",
      "resolved": "http://registry.npm.taobao.org/isurl/download/isurl-1.0.0.tgz",
      "integrity": "sha1-sn9PSfPNqj6kSgpbfzRi5u3DnWc=",
      "requires": {
        "has-to-string-tag-x": "1.4.1",
        "is-object": "1.0.1"
      }
    },
    "jpeg-js": {
      "version": "0.3.3",
      "resolved": "http://registry.npm.taobao.org/jpeg-js/download/jpeg-js-0.3.3.tgz",
      "integrity": "sha1-TWDqcYjRp1mOkvCozcr114KGvqY=",
      "dev": true
    },
    "json3": {
      "version": "3.3.2",
      "resolved": "http://registry.npm.taobao.org/json3/download/json3-3.3.2.tgz",
      "integrity": "sha1-PAQ0dD35Pi9cQq7nsZvLSDV19OE=",
      "dev": true
    },
    "lodash._baseassign": {
      "version": "3.2.0",
      "resolved": "http://registry.npm.taobao.org/lodash._baseassign/download/lodash._baseassign-3.2.0.tgz",
      "integrity": "sha1-jDigmVAPIVrQnlnxci/QxSv+Ck4=",
      "dev": true,
      "requires": {
        "lodash._basecopy": "3.0.1",
        "lodash.keys": "3.1.2"
      }
    },
    "lodash._basecopy": {
      "version": "3.0.1",
      "resolved": "http://registry.npm.taobao.org/lodash._basecopy/download/lodash._basecopy-3.0.1.tgz",
      "integrity": "sha1-jaDmqHbPNEwK2KVIghEd08XHyjY=",
      "dev": true
    },
    "lodash._basecreate": {
      "version": "3.0.3",
      "resolved": "http://registry.npm.taobao.org/lodash._basecreate/download/lodash._basecreate-3.0.3.tgz",
      "integrity": "sha1-G8ZhYU2qf8MRt9A78WgGoCE8+CE=",
      "dev": true
    },
    "lodash._getnative": {
      "version": "3.9.1",
      "resolved": "http://registry.npm.taobao.org/lodash._getnative/download/lodash._getnative-3.9.1.tgz",
      "integrity": "sha1-VwvH3t5G1hzc3mh9ZdPuy6o6r/U=",
      "dev": true
    },
    "lodash._isiterateecall": {
      "version": "3.0.9",
      "resolved": "http://registry.npm.taobao.org/lodash._isiterateecall/download/lodash._isiterateecall-3.0.9.tgz",
      "integrity": "sha1-UgOte6Ql+uhCRg5pbbnPPmqsBXw=",
      "dev": true
    },
    "lodash.create": {
      "version": "3.1.1",
      "resolved": "http://registry.npm.taobao.org/lodash.create/download/lodash.create-3.1.1.tgz",
      "integrity": "sha1-1/KEnw29p+BGgruM1yqwIkYd6+c=",
      "dev": true,
      "requires": {
        "lodash._baseassign": "3.2.0",
        "lodash._basecreate": "3.0.3",
        "lodash._isiterateecall": "3.0.9"
      }
    },
    "lodash.isarguments": {
      "version": "3.1.0",
      "resolved": "http://registry.npm.taobao.org/lodash.isarguments/download/lodash.isarguments-3.1.0.tgz",
      "integrity": "sha1-L1c9hcaiQon/AGY7SRwdM4/zRYo=",
      "dev": true
    },
    "lodash.isarray": {
      "version": "3.0.4",
      "resolved": "http://registry.npm.taobao.org/lodash.isarray/download/lodash.isarray-3.0.4.tgz",
      "integrity": "sha1-eeTriMNqgSKvhvhEqpvNhRtfu1U=",
      "dev": true
    },
    "lodash.keys": {
      "version": "3.1.2",
      "resolved": "http://registry.npm.taobao.org/lodash.keys/download/lodash.keys-3.1.2.tgz",
      "integrity": "sha1-TbwEcrFWvlCgsoaFXRvQsMZWCYo=",
      "dev": true,
      "requires": {
        "lodash._getnative": "3.9.1",
        "lodash.isarguments": "3.1.0",
        "lodash.isarray": "3.0.4"
      }
    },
    "mimic-response": {
      "version": "1.0.0",
      "resolved": "http://registry.npm.taobao.org/mimic-response/download/mimic-response-1.0.0.tgz",
      "integrity": "sha1-3z02Uqc/3ta5sLJBRub9BSNTRY4="
    },
    "minimatch": {
      "version": "3.0.4",
      "resolved": "http://registry.npm.taobao.org/minimatch/download/minimatch-3.0.4.tgz",
      "integrity": "sha1-UWbihkV/AzBgZL5Ul+jbsMPTIIM=",
      "dev": true,
      "requires": {
        "brace-expansion": "1.1.8"
      }
    },
    "minimist": {
      "version": "0.0.8",
      "resolved": "http://registry.npm.taobao.org/minimist/download/minimist-0.0.8.tgz",
      "integrity": "sha1-hX/Kv8M5fSYluCKCYuhqp6ARsF0="
    },
    "minipass": {
      "version": "2.2.1",
      "resolved": "http://registry.npm.taobao.org/minipass/download/minipass-2.2.1.tgz",
      "integrity": "sha1-WtqXU4sQJ7TPchNDJChXjLVkAR8=",
      "requires": {
        "yallist": "3.0.2"
      }
    },
    "minizlib": {
      "version": "1.0.3",
      "resolved": "http://registry.npm.taobao.org/minizlib/download/minizlib-1.0.3.tgz",
      "integrity": "sha1-1cGr93vhVGGZUuJTM27Mq5sqMvU=",
      "requires": {
        "minipass": "2.2.1"
      }
    },
    "mkdirp": {
      "version": "0.5.1",
      "resolved": "http://registry.npm.taobao.org/mkdirp/download/mkdirp-0.5.1.tgz",
      "integrity": "sha1-MAV0OOrGz3+MR2fzhkjWaX11yQM=",
      "requires": {
        "minimist": "0.0.8"
      }
    },
    "mocha": {
      "version": "3.5.3",
      "resolved": "http://registry.npm.taobao.org/mocha/download/mocha-3.5.3.tgz",
      "integrity": "sha1-HgSA/jbS2lhY0etqzDhBiybqog0=",
      "dev": true,
      "requires": {
        "browser-stdout": "1.3.0",
        "commander": "2.9.0",
        "debug": "2.6.8",
        "diff": "3.2.0",
        "escape-string-regexp": "1.0.5",
        "glob": "7.1.1",
        "growl": "1.9.2",
        "he": "1.1.1",
        "json3": "3.3.2",
        "lodash.create": "3.1.1",
        "mkdirp": "0.5.1",
        "supports-color": "3.1.2"
      }
    },
    "ms": {
      "version": "2.0.0",
      "resolved": "http://registry.npm.taobao.org/ms/download/ms-2.0.0.tgz",
      "integrity": "sha1-VgiurfwAvmwpAd9fmGF4jeDVl8g=",
      "dev": true
    },
    "nan": {
      "version": "2.7.0",
      "resolved": "http://registry.npm.taobao.org/nan/download/nan-2.7.0.tgz",
      "integrity": "sha1-2Vv3IeyHfgjbJ27T/G63j5CDrUY="
    },
    "npm-conf": {
      "version": "1.1.2",
      "resolved": "http://registry.npm.taobao.org/npm-conf/download/npm-conf-1.1.2.tgz",
      "integrity": "sha1-FwosSKDGrQSV8D+HrsLaEe9HpSU=",
      "requires": {
        "config-chain": "1.1.11",
        "pify": "3.0.0"
      }
    },
    "once": {
      "version": "1.4.0",
      "resolved": "http://registry.npm.taobao.org/once/download/once-1.4.0.tgz",
      "integrity": "sha1-WDsap3WWHUsROsF9nFC6753Xa9E=",
      "requires": {
        "wrappy": "1.0.2"
      }
    },
    "path-is-absolute": {
      "version": "1.0.1",
      "resolved": "http://registry.npm.taobao.org/path-is-absolute/download/path-is-absolute-1.0.1.tgz",
      "integrity": "sha1-F0uSaHNVNP+8es5r9TpanhtcX18=",
      "dev": true
    },
    "pathval": {
      "version": "1.1.0",
      "resolved": "http://registry.npm.taobao.org/pathval/download/pathval-1.1.0.tgz",
      "integrity": "sha1-uULm1L3mUwBe9rcTYd74cn0GReA=",
      "dev": true
    },
    "pify": {
      "version": "3.0.0",
      "resolved": "http://registry.npm.taobao.org/pify/download/pify-3.0.0.tgz",
      "integrity": "sha1-5aSs0sEB/fPZpNB/DbxNtJ3SgXY="
    },
    "png-js": {
      "version": "0.1.1",
      "resolved": "http://registry.npm.taobao.org/png-js/download/png-js-0.1.1.tgz",
      "integrity": "sha1-HMfCEjA6yr50Jj7DrHgAlYAkLZM=",
      "dev": true
    },
    "proto-list": {
      "version": "1.2.4",
      "resolved": "http://registry.npm.taobao.org/proto-list/download/proto-list-1.2.4.tgz",
      "integrity": "sha1-IS1b/hMYMGpCD2QCuOJv85ZHqEk="
    },
    "safe-buffer": {
      "version": "5.1.1",
      "resolved": "http://registry.npm.taobao.org/safe-buffer/download/safe-buffer-5.1.1.tgz",
      "integrity": "sha1-iTMSr2myEj3vcfV4iQAWce6yyFM="
    },
    "semver": {
      "version": "5.4.1",
      "resolved": "http://registry.npm.taobao.org/semver/download/semver-5.4.1.tgz",
      "integrity": "sha1-4FnAnYVx8FQII3M0M1BdOi8AsY4="
    },
    "sharp": {
      "version": "0.18.4",
      "resolved": "http://registry.npm.taobao.org/sharp/download/sharp-0.18.4.tgz",
      "integrity": "sha1-/jKcDwaJbCiqJDdt8f/wKuV/LTQ=",
      "requires": {
        "caw": "2.0.1",
        "color": "2.0.0",
        "detect-libc": "0.2.0",
        "nan": "2.7.0",
        "semver": "5.4.1",
        "simple-get": "2.7.0",
        "tar": "3.2.1"
      }
    },
    "simple-concat": {
      "version": "1.0.0",
      "resolved": "http://registry.npm.taobao.org/simple-concat/download/simple-concat-1.0.0.tgz",
      "integrity": "sha1-c0TLuLbib7J9ZrL8hvn21Zl1IcY="
    },
    "simple-get": {
      "version": "2.7.0",
      "resolved": "http://registry.npm.taobao.org/simple-get/download/simple-get-2.7.0.tgz",
      "integrity": "sha1-rTf5JtCBKSN/8IxPLt/W8Q4DgLU=",
      "requires": {
        "decompress-response": "3.3.0",
        "once": "1.4.0",
        "simple-concat": "1.0.0"
      }
    },
    "simple-swizzle": {
      "version": "0.2.2",
      "resolved": "http://registry.npm.taobao.org/simple-swizzle/download/simple-swizzle-0.2.2.tgz",
      "integrity": "sha1-pNprY1/8zMoz9w0Xy5JZLeleVXo=",
      "requires": {
        "is-arrayish": "0.3.1"
      }
    },
    "supports-color": {
      "version": "3.1.2",
      "resolved": "http://registry.npm.taobao.org/supports-color/download/supports-color-3.1.2.tgz",
      "integrity": "sha1-cqJiiU2dQIuVbKBf83su2KbiotU=",
      "dev": true,
      "requires": {
        "has-flag": "1.0.0"
      }
    },
    "tar": {
      "version": "3.2.1",
      "resolved": "http://registry.npm.taobao.org/tar/download/tar-3.2.1.tgz",
      "integrity": "sha1-mqjkHIjwnnbBZgdbxx+T1RZuYbE=",
      "requires": {
        "chownr": "1.0.1",
        "minipass": "2.2.1",
        "minizlib": "1.0.3",
        "mkdirp": "0.5.1",
        "yallist": "3.0.2"
      }
    },
    "tunnel-agent": {
      "version": "0.6.0",
      "resolved": "http://registry.npm.taobao.org/tunnel-agent/download/tunnel-agent-0.6.0.tgz",
      "integrity": "sha1-J6XeoGs2sEoKmWZ3SykIaPD8QP0=",
      "requires": {
        "safe-buffer": "5.1.1"
      }
    },
    "type-detect": {
      "version": "4.0.3",
      "resolved": "http://registry.npm.taobao.org/type-detect/download/type-detect-4.0.3.tgz",
      "integrity": "sha1-Dj8mcLRAmbC0bChNE2p+9Jx0wuo=",
      "dev": true
    },
    "url-to-options": {
      "version": "1.0.1",
      "resolved": "http://registry.npm.taobao.org/url-to-options/download/url-to-options-1.0.1.tgz",
      "integrity": "sha1-FQWgOiiaSMvXpDTvuu7FBV9WM6k="
    },
    "wrappy": {
      "version": "1.0.2",
      "resolved": "http://registry.npm.taobao.org/wrappy/download/wrappy-1.0.2.tgz",
      "integrity": "sha1-tSQ9jz7BqjXxNkYFvA0QNuMKtp8="
    },
    "yallist": {
      "version": "3.0.2",
      "resolved": "http://registry.npm.taobao.org/yallist/download/yallist-3.0.2.tgz",
      "integrity": "sha1-hFK0u36Dx8GI2AQcGoN8dz1ti7k="
    }
  }
}
